
Microsoft Visual Studio Solution File, Format Version 12.00
# Visual Studio Version 16
VisualStudioVersion = 16.0.29509.3
MinimumVisualStudioVersion = 10.0.40219.1
Project("{FAE04EC0-301F-11D3-BF4B-00C04F79EFBC}") = "Exercitii4.3", "Exercitii4.3\Exercitii4.3.csproj", "{01A310D7-534C-4CF5-B2F4-36B9A061CE6F}"
EndProject
Global
	GlobalSection(SolutionConfigurationPlatforms) = preSolution
		Debug|Any CPU = Debug|Any CPU
		Release|Any CPU = Release|Any CPU
	EndGlobalSection
	GlobalSection(ProjectConfigurationPlatforms) = postSolution
		{01A310D7-534C-4CF5-B2F4-36B9A061CE6F}.Debug|Any CPU.ActiveCfg = Debug|Any CPU
		{01A310D7-534C-4CF5-B2F4-36B9A061CE6F}.Debug|Any CPU.Build.0 = Debug|Any CPU
		{01A310D7-534C-4CF5-B2F4-36B9A061CE6F}.Release|Any CPU.ActiveCfg = Release|Any CPU
		{01A310D7-534C-4CF5-B2F4-36B9A061CE6F}.Release|Any CPU.Build.0 = Release|Any CPU
	EndGlobalSection
	GlobalSection(SolutionProperties) = preSolution
		HideSolutionNode = FALSE
	EndGlobalSection
	GlobalSection(ExtensibilityGlobals) = postSolution
		SolutionGuid = {68A93964-4B9F-4744-9E1D-2120FD3926DC}
	EndGlobalSection
EndGlobal
