
Microsoft Visual Studio Solution File, Format Version 12.00
# Visual Studio Version 16
VisualStudioVersion = 16.0.29509.3
MinimumVisualStudioVersion = 10.0.40219.1
Project("{FAE04EC0-301F-11D3-BF4B-00C04F79EFBC}") = "speedCamera", "speedCamera\speedCamera.csproj", "{5334887D-B11D-4F8F-8C63-964241A3ED11}"
EndProject
Global
	GlobalSection(SolutionConfigurationPlatforms) = preSolution
		Debug|Any CPU = Debug|Any CPU
		Release|Any CPU = Release|Any CPU
	EndGlobalSection
	GlobalSection(ProjectConfigurationPlatforms) = postSolution
		{5334887D-B11D-4F8F-8C63-964241A3ED11}.Debug|Any CPU.ActiveCfg = Debug|Any CPU
		{5334887D-B11D-4F8F-8C63-964241A3ED11}.Debug|Any CPU.Build.0 = Debug|Any CPU
		{5334887D-B11D-4F8F-8C63-964241A3ED11}.Release|Any CPU.ActiveCfg = Release|Any CPU
		{5334887D-B11D-4F8F-8C63-964241A3ED11}.Release|Any CPU.Build.0 = Release|Any CPU
	EndGlobalSection
	GlobalSection(SolutionProperties) = preSolution
		HideSolutionNode = FALSE
	EndGlobalSection
	GlobalSection(ExtensibilityGlobals) = postSolution
		SolutionGuid = {473FE7F6-4F83-4DE8-A700-F6313E5C585E}
	EndGlobalSection
EndGlobal
