
Microsoft Visual Studio Solution File, Format Version 12.00
# Visual Studio Version 16
VisualStudioVersion = 16.0.29509.3
MinimumVisualStudioVersion = 10.0.40219.1
Project("{FAE04EC0-301F-11D3-BF4B-00C04F79EFBC}") = "Exercitii2.5", "Exercitii2.5\Exercitii2.5.csproj", "{6634A0E5-BF77-4DA7-A8CD-249E12450E39}"
EndProject
Global
	GlobalSection(SolutionConfigurationPlatforms) = preSolution
		Debug|Any CPU = Debug|Any CPU
		Release|Any CPU = Release|Any CPU
	EndGlobalSection
	GlobalSection(ProjectConfigurationPlatforms) = postSolution
		{6634A0E5-BF77-4DA7-A8CD-249E12450E39}.Debug|Any CPU.ActiveCfg = Debug|Any CPU
		{6634A0E5-BF77-4DA7-A8CD-249E12450E39}.Debug|Any CPU.Build.0 = Debug|Any CPU
		{6634A0E5-BF77-4DA7-A8CD-249E12450E39}.Release|Any CPU.ActiveCfg = Release|Any CPU
		{6634A0E5-BF77-4DA7-A8CD-249E12450E39}.Release|Any CPU.Build.0 = Release|Any CPU
	EndGlobalSection
	GlobalSection(SolutionProperties) = preSolution
		HideSolutionNode = FALSE
	EndGlobalSection
	GlobalSection(ExtensibilityGlobals) = postSolution
		SolutionGuid = {41FB937C-5CCB-458F-99B1-FF87CDE22EAE}
	EndGlobalSection
EndGlobal
