
Microsoft Visual Studio Solution File, Format Version 12.00
# Visual Studio Version 16
VisualStudioVersion = 16.0.29509.3
MinimumVisualStudioVersion = 10.0.40219.1
Project("{FAE04EC0-301F-11D3-BF4B-00C04F79EFBC}") = "StackOverflow Post", "StackOverflow Post\StackOverflow Post.csproj", "{AEB4CEE6-F0BD-48C3-96C6-B5F9A0C56AA9}"
EndProject
Global
	GlobalSection(SolutionConfigurationPlatforms) = preSolution
		Debug|Any CPU = Debug|Any CPU
		Release|Any CPU = Release|Any CPU
	EndGlobalSection
	GlobalSection(ProjectConfigurationPlatforms) = postSolution
		{AEB4CEE6-F0BD-48C3-96C6-B5F9A0C56AA9}.Debug|Any CPU.ActiveCfg = Debug|Any CPU
		{AEB4CEE6-F0BD-48C3-96C6-B5F9A0C56AA9}.Debug|Any CPU.Build.0 = Debug|Any CPU
		{AEB4CEE6-F0BD-48C3-96C6-B5F9A0C56AA9}.Release|Any CPU.ActiveCfg = Release|Any CPU
		{AEB4CEE6-F0BD-48C3-96C6-B5F9A0C56AA9}.Release|Any CPU.Build.0 = Release|Any CPU
	EndGlobalSection
	GlobalSection(SolutionProperties) = preSolution
		HideSolutionNode = FALSE
	EndGlobalSection
	GlobalSection(ExtensibilityGlobals) = postSolution
		SolutionGuid = {F51CC8D1-3716-4943-A3B5-B0BDD57AEBCC}
	EndGlobalSection
EndGlobal
